
Microsoft Visual Studio Solution File, Format Version 12.00
# Visual Studio Version 17
VisualStudioVersion = 17.13.35825.156
MinimumVisualStudioVersion = 10.0.40219.1
Project("{FAE04EC0-301F-11D3-BF4B-00C04F79EFBC}") = "AuctionHouse.ClassLibrary", "AuctionHouse.ClassLibrary\AuctionHouse.ClassLibrary.csproj", "{C736D75D-AD5C-4F08-9583-1EB7F943C5C5}"
EndProject
Project("{FAE04EC0-301F-11D3-BF4B-00C04F79EFBC}") = "AuctionHouse.WebAPI", "AuctionHouse.WebAPI\AuctionHouse.WebAPI.csproj", "{1835DCDB-AEBA-407B-B488-7C124DF61DF5}"
EndProject
Project("{FAE04EC0-301F-11D3-BF4B-00C04F79EFBC}") = "AuctionHouse.APIRequester", "AuctionHouse.APIRequester\AuctionHouse.APIRequester.csproj", "{1C93EA95-FD8F-4AAD-862B-660F620EBC03}"
EndProject
Project("{FAE04EC0-301F-11D3-BF4B-00C04F79EFBC}") = "AuctionHouse.DesktopApp", "AuctionHouse.DesktopApp\AuctionHouse.DesktopApp.csproj", "{2D1F4FD4-1CC2-46F5-B02B-7E1A8BC9464C}"
EndProject
Project("{FAE04EC0-301F-11D3-BF4B-00C04F79EFBC}") = "AuctionHouse.Test", "AuctionHouse.Test\AuctionHouse.Test.csproj", "{5BFFD20D-5CDE-481A-8C48-410D1F080B49}"
EndProject
Project("{FAE04EC0-301F-11D3-BF4B-00C04F79EFBC}") = "AuctionHouse.DataAccessLayer", "AuctionHouse.DataAccessLayer\AuctionHouse.DataAccessLayer.csproj", "{2F986D10-8FF3-49BF-B24A-FF429C4CF769}"
EndProject
Project("{FAE04EC0-301F-11D3-BF4B-00C04F79EFBC}") = "AuctionHouse.WebSite", "AuctionHouse.WebSite\AuctionHouse.WebSite.csproj", "{AE753E83-63C6-4F55-AD1A-6185D04CB819}"
	ProjectSection(ProjectDependencies) = postProject
		{1835DCDB-AEBA-407B-B488-7C124DF61DF5} = {1835DCDB-AEBA-407B-B488-7C124DF61DF5}
	EndProjectSection
EndProject
Global
	GlobalSection(SolutionConfigurationPlatforms) = preSolution
		Debug|Any CPU = Debug|Any CPU
		Release|Any CPU = Release|Any CPU
	EndGlobalSection
	GlobalSection(ProjectConfigurationPlatforms) = postSolution
		{C736D75D-AD5C-4F08-9583-1EB7F943C5C5}.Debug|Any CPU.ActiveCfg = Debug|Any CPU
		{C736D75D-AD5C-4F08-9583-1EB7F943C5C5}.Debug|Any CPU.Build.0 = Debug|Any CPU
		{C736D75D-AD5C-4F08-9583-1EB7F943C5C5}.Release|Any CPU.ActiveCfg = Release|Any CPU
		{C736D75D-AD5C-4F08-9583-1EB7F943C5C5}.Release|Any CPU.Build.0 = Release|Any CPU
		{1835DCDB-AEBA-407B-B488-7C124DF61DF5}.Debug|Any CPU.ActiveCfg = Debug|Any CPU
		{1835DCDB-AEBA-407B-B488-7C124DF61DF5}.Debug|Any CPU.Build.0 = Debug|Any CPU
		{1835DCDB-AEBA-407B-B488-7C124DF61DF5}.Release|Any CPU.ActiveCfg = Release|Any CPU
		{1835DCDB-AEBA-407B-B488-7C124DF61DF5}.Release|Any CPU.Build.0 = Release|Any CPU
		{1C93EA95-FD8F-4AAD-862B-660F620EBC03}.Debug|Any CPU.ActiveCfg = Debug|Any CPU
		{1C93EA95-FD8F-4AAD-862B-660F620EBC03}.Debug|Any CPU.Build.0 = Debug|Any CPU
		{1C93EA95-FD8F-4AAD-862B-660F620EBC03}.Release|Any CPU.ActiveCfg = Release|Any CPU
		{1C93EA95-FD8F-4AAD-862B-660F620EBC03}.Release|Any CPU.Build.0 = Release|Any CPU
		{2D1F4FD4-1CC2-46F5-B02B-7E1A8BC9464C}.Debug|Any CPU.ActiveCfg = Debug|Any CPU
		{2D1F4FD4-1CC2-46F5-B02B-7E1A8BC9464C}.Debug|Any CPU.Build.0 = Debug|Any CPU
		{2D1F4FD4-1CC2-46F5-B02B-7E1A8BC9464C}.Release|Any CPU.ActiveCfg = Release|Any CPU
		{2D1F4FD4-1CC2-46F5-B02B-7E1A8BC9464C}.Release|Any CPU.Build.0 = Release|Any CPU
		{5BFFD20D-5CDE-481A-8C48-410D1F080B49}.Debug|Any CPU.ActiveCfg = Debug|Any CPU
		{5BFFD20D-5CDE-481A-8C48-410D1F080B49}.Debug|Any CPU.Build.0 = Debug|Any CPU
		{5BFFD20D-5CDE-481A-8C48-410D1F080B49}.Release|Any CPU.ActiveCfg = Release|Any CPU
		{5BFFD20D-5CDE-481A-8C48-410D1F080B49}.Release|Any CPU.Build.0 = Release|Any CPU
		{2F986D10-8FF3-49BF-B24A-FF429C4CF769}.Debug|Any CPU.ActiveCfg = Debug|Any CPU
		{2F986D10-8FF3-49BF-B24A-FF429C4CF769}.Debug|Any CPU.Build.0 = Debug|Any CPU
		{2F986D10-8FF3-49BF-B24A-FF429C4CF769}.Release|Any CPU.ActiveCfg = Release|Any CPU
		{2F986D10-8FF3-49BF-B24A-FF429C4CF769}.Release|Any CPU.Build.0 = Release|Any CPU
		{AE753E83-63C6-4F55-AD1A-6185D04CB819}.Debug|Any CPU.ActiveCfg = Debug|Any CPU
		{AE753E83-63C6-4F55-AD1A-6185D04CB819}.Debug|Any CPU.Build.0 = Debug|Any CPU
		{AE753E83-63C6-4F55-AD1A-6185D04CB819}.Release|Any CPU.ActiveCfg = Release|Any CPU
		{AE753E83-63C6-4F55-AD1A-6185D04CB819}.Release|Any CPU.Build.0 = Release|Any CPU
	EndGlobalSection
	GlobalSection(SolutionProperties) = preSolution
		HideSolutionNode = FALSE
	EndGlobalSection
	GlobalSection(ExtensibilityGlobals) = postSolution
		SolutionGuid = {34417427-709D-41FB-A20E-8B36ED52BCD8}
	EndGlobalSection
EndGlobal
